
Microsoft Visual Studio Solution File, Format Version 12.00
# Visual Studio Version 17
Project("{8BC9CEB8-8B4A-11D0-8D11-00A0C91BC942}") = "ALL_BUILD", "ALL_BUILD.vcxproj", "{4D23E74B-DC0C-33FE-ABF5-8B83955DCFAA}"
	ProjectSection(ProjectDependencies) = postProject
		{96AEA056-6474-3563-958F-BB46A0228A0A} = {96AEA056-6474-3563-958F-BB46A0228A0A}
		{B4FC0BD5-3E54-329C-AE32-C1578369B08E} = {B4FC0BD5-3E54-329C-AE32-C1578369B08E}
	EndProjectSection
EndProject
Project("{8BC9CEB8-8B4A-11D0-8D11-00A0C91BC942}") = "ZERO_CHECK", "ZERO_CHECK.vcxproj", "{96AEA056-6474-3563-958F-BB46A0228A0A}"
	ProjectSection(ProjectDependencies) = postProject
	EndProjectSection
EndProject
Project("{8BC9CEB8-8B4A-11D0-8D11-00A0C91BC942}") = "simplified_main", "simplified_main.vcxproj", "{B4FC0BD5-3E54-329C-AE32-C1578369B08E}"
	ProjectSection(ProjectDependencies) = postProject
		{96AEA056-6474-3563-958F-BB46A0228A0A} = {96AEA056-6474-3563-958F-BB46A0228A0A}
	EndProjectSection
EndProject
Global
	GlobalSection(SolutionConfigurationPlatforms) = preSolution
		Debug|x64 = Debug|x64
		Release|x64 = Release|x64
		MinSizeRel|x64 = MinSizeRel|x64
		RelWithDebInfo|x64 = RelWithDebInfo|x64
	EndGlobalSection
	GlobalSection(ProjectConfigurationPlatforms) = postSolution
		{4D23E74B-DC0C-33FE-ABF5-8B83955DCFAA}.Debug|x64.ActiveCfg = Debug|x64
		{4D23E74B-DC0C-33FE-ABF5-8B83955DCFAA}.Release|x64.ActiveCfg = Release|x64
		{4D23E74B-DC0C-33FE-ABF5-8B83955DCFAA}.MinSizeRel|x64.ActiveCfg = MinSizeRel|x64
		{4D23E74B-DC0C-33FE-ABF5-8B83955DCFAA}.RelWithDebInfo|x64.ActiveCfg = RelWithDebInfo|x64
		{96AEA056-6474-3563-958F-BB46A0228A0A}.Debug|x64.ActiveCfg = Debug|x64
		{96AEA056-6474-3563-958F-BB46A0228A0A}.Debug|x64.Build.0 = Debug|x64
		{96AEA056-6474-3563-958F-BB46A0228A0A}.Release|x64.ActiveCfg = Release|x64
		{96AEA056-6474-3563-958F-BB46A0228A0A}.Release|x64.Build.0 = Release|x64
		{96AEA056-6474-3563-958F-BB46A0228A0A}.MinSizeRel|x64.ActiveCfg = MinSizeRel|x64
		{96AEA056-6474-3563-958F-BB46A0228A0A}.MinSizeRel|x64.Build.0 = MinSizeRel|x64
		{96AEA056-6474-3563-958F-BB46A0228A0A}.RelWithDebInfo|x64.ActiveCfg = RelWithDebInfo|x64
		{96AEA056-6474-3563-958F-BB46A0228A0A}.RelWithDebInfo|x64.Build.0 = RelWithDebInfo|x64
		{B4FC0BD5-3E54-329C-AE32-C1578369B08E}.Debug|x64.ActiveCfg = Debug|x64
		{B4FC0BD5-3E54-329C-AE32-C1578369B08E}.Debug|x64.Build.0 = Debug|x64
		{B4FC0BD5-3E54-329C-AE32-C1578369B08E}.Release|x64.ActiveCfg = Release|x64
		{B4FC0BD5-3E54-329C-AE32-C1578369B08E}.Release|x64.Build.0 = Release|x64
		{B4FC0BD5-3E54-329C-AE32-C1578369B08E}.MinSizeRel|x64.ActiveCfg = MinSizeRel|x64
		{B4FC0BD5-3E54-329C-AE32-C1578369B08E}.MinSizeRel|x64.Build.0 = MinSizeRel|x64
		{B4FC0BD5-3E54-329C-AE32-C1578369B08E}.RelWithDebInfo|x64.ActiveCfg = RelWithDebInfo|x64
		{B4FC0BD5-3E54-329C-AE32-C1578369B08E}.RelWithDebInfo|x64.Build.0 = RelWithDebInfo|x64
	EndGlobalSection
	GlobalSection(ExtensibilityGlobals) = postSolution
		SolutionGuid = {4477AC61-3133-3704-81FF-987D2C5FDC01}
	EndGlobalSection
	GlobalSection(ExtensibilityAddIns) = postSolution
	EndGlobalSection
EndGlobal
