<?xml version="1.0" encoding="utf-8"?>
<Project ToolsVersion="17.0" xmlns="http://schemas.microsoft.com/developer/msbuild/2003">
  <ItemGroup>
    <CustomBuild Include="C:\Users\Samuel\source\repos\Project1\ImageProcessorApp\build_simplified\CMakeFiles\cd0b95bd71bb83a6606873b4aa645ab2\generate.stamp.rule">
      <Filter>CMake Rules</Filter>
    </CustomBuild>
  </ItemGroup>
  <ItemGroup>
    <Filter Include="CMake Rules">
      <UniqueIdentifier>{8F8F4AE7-15D9-3AEB-AFCF-ECC9718813E7}</UniqueIdentifier>
    </Filter>
  </ItemGroup>
</Project>
