
Microsoft Visual Studio Solution File, Format Version 12.00
# Visual Studio Version 17
Project("{8BC9CEB8-8B4A-11D0-8D11-00A0C91BC942}") = "ALL_BUILD", "ALL_BUILD.vcxproj", "{22C990FF-23DB-399B-BE8A-06B5B320D163}"
	ProjectSection(ProjectDependencies) = postProject
		{B51C68FC-C679-3B39-84AA-69E78E031D09} = {B51C68FC-C679-3B39-84AA-69E78E031D09}
		{7280998A-4A9D-3CD7-B65C-B0649CCB52E3} = {7280998A-4A9D-3CD7-B65C-B0649CCB52E3}
	EndProjectSection
EndProject
Project("{8BC9CEB8-8B4A-11D0-8D11-00A0C91BC942}") = "ZERO_CHECK", "ZERO_CHECK.vcxproj", "{B51C68FC-C679-3B39-84AA-69E78E031D09}"
	ProjectSection(ProjectDependencies) = postProject
	EndProjectSection
EndProject
Project("{8BC9CEB8-8B4A-11D0-8D11-00A0C91BC942}") = "minimal_test", "minimal_test.vcxproj", "{7280998A-4A9D-3CD7-B65C-B0649CCB52E3}"
	ProjectSection(ProjectDependencies) = postProject
		{B51C68FC-C679-3B39-84AA-69E78E031D09} = {B51C68FC-C679-3B39-84AA-69E78E031D09}
	EndProjectSection
EndProject
Global
	GlobalSection(SolutionConfigurationPlatforms) = preSolution
		Debug|x64 = Debug|x64
		Release|x64 = Release|x64
		MinSizeRel|x64 = MinSizeRel|x64
		RelWithDebInfo|x64 = RelWithDebInfo|x64
	EndGlobalSection
	GlobalSection(ProjectConfigurationPlatforms) = postSolution
		{22C990FF-23DB-399B-BE8A-06B5B320D163}.Debug|x64.ActiveCfg = Debug|x64
		{22C990FF-23DB-399B-BE8A-06B5B320D163}.Release|x64.ActiveCfg = Release|x64
		{22C990FF-23DB-399B-BE8A-06B5B320D163}.MinSizeRel|x64.ActiveCfg = MinSizeRel|x64
		{22C990FF-23DB-399B-BE8A-06B5B320D163}.RelWithDebInfo|x64.ActiveCfg = RelWithDebInfo|x64
		{B51C68FC-C679-3B39-84AA-69E78E031D09}.Debug|x64.ActiveCfg = Debug|x64
		{B51C68FC-C679-3B39-84AA-69E78E031D09}.Debug|x64.Build.0 = Debug|x64
		{B51C68FC-C679-3B39-84AA-69E78E031D09}.Release|x64.ActiveCfg = Release|x64
		{B51C68FC-C679-3B39-84AA-69E78E031D09}.Release|x64.Build.0 = Release|x64
		{B51C68FC-C679-3B39-84AA-69E78E031D09}.MinSizeRel|x64.ActiveCfg = MinSizeRel|x64
		{B51C68FC-C679-3B39-84AA-69E78E031D09}.MinSizeRel|x64.Build.0 = MinSizeRel|x64
		{B51C68FC-C679-3B39-84AA-69E78E031D09}.RelWithDebInfo|x64.ActiveCfg = RelWithDebInfo|x64
		{B51C68FC-C679-3B39-84AA-69E78E031D09}.RelWithDebInfo|x64.Build.0 = RelWithDebInfo|x64
		{7280998A-4A9D-3CD7-B65C-B0649CCB52E3}.Debug|x64.ActiveCfg = Debug|x64
		{7280998A-4A9D-3CD7-B65C-B0649CCB52E3}.Debug|x64.Build.0 = Debug|x64
		{7280998A-4A9D-3CD7-B65C-B0649CCB52E3}.Release|x64.ActiveCfg = Release|x64
		{7280998A-4A9D-3CD7-B65C-B0649CCB52E3}.Release|x64.Build.0 = Release|x64
		{7280998A-4A9D-3CD7-B65C-B0649CCB52E3}.MinSizeRel|x64.ActiveCfg = MinSizeRel|x64
		{7280998A-4A9D-3CD7-B65C-B0649CCB52E3}.MinSizeRel|x64.Build.0 = MinSizeRel|x64
		{7280998A-4A9D-3CD7-B65C-B0649CCB52E3}.RelWithDebInfo|x64.ActiveCfg = RelWithDebInfo|x64
		{7280998A-4A9D-3CD7-B65C-B0649CCB52E3}.RelWithDebInfo|x64.Build.0 = RelWithDebInfo|x64
	EndGlobalSection
	GlobalSection(ExtensibilityGlobals) = postSolution
		SolutionGuid = {08489A1B-D698-334A-AF2C-7EEAA783E7A3}
	EndGlobalSection
	GlobalSection(ExtensibilityAddIns) = postSolution
	EndGlobalSection
EndGlobal
